// !$*UTF8*$!
{
	archiveVersion = 1;
	classes = {
	};
	objectVersion = 46;
	objects = {

/* Begin PBXBuildFile section */
		C283C3A319DCF9C800390DC9 /* AppDelegate.swift in Sources */ = {isa = PBXBuildFile; fileRef = C283C3A219DCF9C800390DC9 /* AppDelegate.swift */; };
		C283C3A519DCF9C800390DC9 /* ViewController.swift in Sources */ = {isa = PBXBuildFile; fileRef = C283C3A419DCF9C800390DC9 /* ViewController.swift */; };
		C283C3A819DCF9C800390DC9 /* Main.storyboard in Resources */ = {isa = PBXBuildFile; fileRef = C283C3A619DCF9C800390DC9 /* Main.storyboard */; };
		C283C3AA19DCF9C800390DC9 /* Images.xcassets in Resources */ = {isa = PBXBuildFile; fileRef = C283C3A919DCF9C800390DC9 /* Images.xcassets */; };
		C283C3B619DCF9C800390DC9 /* PostCardTests.swift in Sources */ = {isa = PBXBuildFile; fileRef = C283C3B519DCF9C800390DC9 /* PostCardTests.swift */; };
		C283C3C019DCFAA300390DC9 /* Sagrada_Família._Façana_del_Naixement.jpg in Resources */ = {isa = PBXBuildFile; fileRef = C283C3BF19DCFAA300390DC9 /* Sagrada_Família._Façana_del_Naixement.jpg */; };
		C2D9A47319DCFD1A009714CA /* Lincoln_Beer_Stamp_1871.JPG in Resources */ = {isa = PBXBuildFile; fileRef = C2D9A47219DCFD1A009714CA /* Lincoln_Beer_Stamp_1871.JPG */; };
/* End PBXBuildFile section */

/* Begin PBXContainerItemProxy section */
		C283C3B019DCF9C800390DC9 /* PBXContainerItemProxy */ = {
			isa = PBXContainerItemProxy;
			containerPortal = C283C39519DCF9C800390DC9 /* Project object */;
			proxyType = 1;
			remoteGlobalIDString = C283C39C19DCF9C800390DC9;
			remoteInfo = PostCard;
		};
/* End PBXContainerItemProxy section */

/* Begin PBXFileReference section */
		C283C39D19DCF9C800390DC9 /* PostCard.app */ = {isa = PBXFileReference; explicitFileType = wrapper.application; includeInIndex = 0; path = PostCard.app; sourceTree = BUILT_PRODUCTS_DIR; };
		C283C3A119DCF9C800390DC9 /* Info.plist */ = {isa = PBXFileReference; lastKnownFileType = text.plist.xml; path = Info.plist; sourceTree = "<group>"; };
		C283C3A219DCF9C800390DC9 /* AppDelegate.swift */ = {isa = PBXFileReference; lastKnownFileType = sourcecode.swift; path = AppDelegate.swift; sourceTree = "<group>"; };
		C283C3A419DCF9C800390DC9 /* ViewController.swift */ = {isa = PBXFileReference; lastKnownFileType = sourcecode.swift; path = ViewController.swift; sourceTree = "<group>"; };
		C283C3A719DCF9C800390DC9 /* Base */ = {isa = PBXFileReference; lastKnownFileType = file.storyboard; name = Base; path = Base.lproj/Main.storyboard; sourceTree = "<group>"; };
		C283C3A919DCF9C800390DC9 /* Images.xcassets */ = {isa = PBXFileReference; lastKnownFileType = folder.assetcatalog; path = Images.xcassets; sourceTree = "<group>"; };
		C283C3AF19DCF9C800390DC9 /* PostCardTests.xctest */ = {isa = PBXFileReference; explicitFileType = wrapper.cfbundle; includeInIndex = 0; path = PostCardTests.xctest; sourceTree = BUILT_PRODUCTS_DIR; };
		C283C3B419DCF9C800390DC9 /* Info.plist */ = {isa = PBXFileReference; lastKnownFileType = text.plist.xml; path = Info.plist; sourceTree = "<group>"; };
		C283C3B519DCF9C800390DC9 /* PostCardTests.swift */ = {isa = PBXFileReference; lastKnownFileType = sourcecode.swift; path = PostCardTests.swift; sourceTree = "<group>"; };
		C283C3BF19DCFAA300390DC9 /* Sagrada_Família._Façana_del_Naixement.jpg */ = {isa = PBXFileReference; lastKnownFileType = image.jpeg; path = "Sagrada_Família._Façana_del_Naixement.jpg"; sourceTree = "<group>"; };
		C2D9A47219DCFD1A009714CA /* Lincoln_Beer_Stamp_1871.JPG */ = {isa = PBXFileReference; lastKnownFileType = image.jpeg; path = Lincoln_Beer_Stamp_1871.JPG; sourceTree = "<group>"; };
/* End PBXFileReference section */

/* Begin PBXFrameworksBuildPhase section */
		C283C39A19DCF9C800390DC9 /* Frameworks */ = {
			isa = PBXFrameworksBuildPhase;
			buildActionMask = 2147483647;
			files = (
			);
			runOnlyForDeploymentPostprocessing = 0;
		};
		C283C3AC19DCF9C800390DC9 /* Frameworks */ = {
			isa = PBXFrameworksBuildPhase;
			buildActionMask = 2147483647;
			files = (
			);
			runOnlyForDeploymentPostprocessing = 0;
		};
/* End PBXFrameworksBuildPhase section */

/* Begin PBXGroup section */
		C283C39419DCF9C800390DC9 = {
			isa = PBXGroup;
			children = (
				C283C39F19DCF9C800390DC9 /* PostCard */,
				C283C3B219DCF9C800390DC9 /* PostCardTests */,
				C283C39E19DCF9C800390DC9 /* Products */,
			);
			sourceTree = "<group>";
		};
		C283C39E19DCF9C800390DC9 /* Products */ = {
			isa = PBXGroup;
			children = (
				C283C39D19DCF9C800390DC9 /* PostCard.app */,
				C283C3AF19DCF9C800390DC9 /* PostCardTests.xctest */,
			);
			name = Products;
			sourceTree = "<group>";
		};
		C283C39F19DCF9C800390DC9 /* PostCard */ = {
			isa = PBXGroup;
			children = (
				C283C3A219DCF9C800390DC9 /* AppDelegate.swift */,
				C283C3A419DCF9C800390DC9 /* ViewController.swift */,
				C283C3A619DCF9C800390DC9 /* Main.storyboard */,
				C283C3A919DCF9C800390DC9 /* Images.xcassets */,
				C283C3A019DCF9C800390DC9 /* Supporting Files */,
			);
			path = PostCard;
			sourceTree = "<group>";
		};
		C283C3A019DCF9C800390DC9 /* Supporting Files */ = {
			isa = PBXGroup;
			children = (
				C2D9A47219DCFD1A009714CA /* Lincoln_Beer_Stamp_1871.JPG */,
				C283C3BF19DCFAA300390DC9 /* Sagrada_Família._Façana_del_Naixement.jpg */,
				C283C3A119DCF9C800390DC9 /* Info.plist */,
			);
			name = "Supporting Files";
			sourceTree = "<group>";
		};
		C283C3B219DCF9C800390DC9 /* PostCardTests */ = {
			isa = PBXGroup;
			children = (
				C283C3B519DCF9C800390DC9 /* PostCardTests.swift */,
				C283C3B319DCF9C800390DC9 /* Supporting Files */,
			);
			path = PostCardTests;
			sourceTree = "<group>";
		};
		C283C3B319DCF9C800390DC9 /* Supporting Files */ = {
			isa = PBXGroup;
			children = (
				C283C3B419DCF9C800390DC9 /* Info.plist */,
			);
			name = "Supporting Files";
			sourceTree = "<group>";
		};
/* End PBXGroup section */

/* Begin PBXNativeTarget section */
		C283C39C19DCF9C800390DC9 /* PostCard */ = {
			isa = PBXNativeTarget;
			buildConfigurationList = C283C3B919DCF9C800390DC9 /* Build configuration list for PBXNativeTarget "PostCard" */;
			buildPhases = (
				C283C39919DCF9C800390DC9 /* Sources */,
				C283C39A19DCF9C800390DC9 /* Frameworks */,
				C283C39B19DCF9C800390DC9 /* Resources */,
			);
			buildRules = (
			);
			dependencies = (
			);
			name = PostCard;
			productName = PostCard;
			productReference = C283C39D19DCF9C800390DC9 /* PostCard.app */;
			productType = "com.apple.product-type.application";
		};
		C283C3AE19DCF9C800390DC9 /* PostCardTests */ = {
			isa = PBXNativeTarget;
			buildConfigurationList = C283C3BC19DCF9C800390DC9 /* Build configuration list for PBXNativeTarget "PostCardTests" */;
			buildPhases = (
				C283C3AB19DCF9C800390DC9 /* Sources */,
				C283C3AC19DCF9C800390DC9 /* Frameworks */,
				C283C3AD19DCF9C800390DC9 /* Resources */,
			);
			buildRules = (
			);
			dependencies = (
				C283C3B119DCF9C800390DC9 /* PBXTargetDependency */,
			);
			name = PostCardTests;
			productName = PostCardTests;
			productReference = C283C3AF19DCF9C800390DC9 /* PostCardTests.xctest */;
			productType = "com.apple.product-type.bundle.unit-test";
		};
/* End PBXNativeTarget section */

/* Begin PBXProject section */
		C283C39519DCF9C800390DC9 /* Project object */ = {
			isa = PBXProject;
			attributes = {
				LastUpgradeCheck = 0600;
				ORGANIZATIONNAME = "John Robert Agate";
				TargetAttributes = {
					C283C39C19DCF9C800390DC9 = {
						CreatedOnToolsVersion = 6.0;
					};
					C283C3AE19DCF9C800390DC9 = {
						CreatedOnToolsVersion = 6.0;
						TestTargetID = C283C39C19DCF9C800390DC9;
					};
				};
			};
			buildConfigurationList = C283C39819DCF9C800390DC9 /* Build configuration list for PBXProject "PostCard" */;
			compatibilityVersion = "Xcode 3.2";
			developmentRegion = English;
			hasScannedForEncodings = 0;
			knownRegions = (
				en,
				Base,
			);
			mainGroup = C283C39419DCF9C800390DC9;
			productRefGroup = C283C39E19DCF9C800390DC9 /* Products */;
			projectDirPath = "";
			projectRoot = "";
			targets = (
				C283C39C19DCF9C800390DC9 /* PostCard */,
				C283C3AE19DCF9C800390DC9 /* PostCardTests */,
			);
		};
/* End PBXProject section */

/* Begin PBXResourcesBuildPhase section */
		C283C39B19DCF9C800390DC9 /* Resources */ = {
			isa = PBXResourcesBuildPhase;
			buildActionMask = 2147483647;
			files = (
				C283C3A819DCF9C800390DC9 /* Main.storyboard in Resources */,
				C283C3AA19DCF9C800390DC9 /* Images.xcassets in Resources */,
				C2D9A47319DCFD1A009714CA /* Lincoln_Beer_Stamp_1871.JPG in Resources */,
				C283C3C019DCFAA300390DC9 /* Sagrada_Família._Façana_del_Naixement.jpg in Resources */,
			);
			runOnlyForDeploymentPostprocessing = 0;
		};
		C283C3AD19DCF9C800390DC9 /* Resources */ = {
			isa = PBXResourcesBuildPhase;
			buildActionMask = 2147483647;
			files = (
			);
			runOnlyForDeploymentPostprocessing = 0;
		};
/* End PBXResourcesBuildPhase section */

/* Begin PBXSourcesBuildPhase section */
		C283C39919DCF9C800390DC9 /* Sources */ = {
			isa = PBXSourcesBuildPhase;
			buildActionMask = 2147483647;
			files = (
				C283C3A519DCF9C800390DC9 /* ViewController.swift in Sources */,
				C283C3A319DCF9C800390DC9 /* AppDelegate.swift in Sources */,
			);
			runOnlyForDeploymentPostprocessing = 0;
		};
		C283C3AB19DCF9C800390DC9 /* Sources */ = {
			isa = PBXSourcesBuildPhase;
			buildActionMask = 2147483647;
			files = (
				C283C3B619DCF9C800390DC9 /* PostCardTests.swift in Sources */,
			);
			runOnlyForDeploymentPostprocessing = 0;
		};
/* End PBXSourcesBuildPhase section */

/* Begin PBXTargetDependency section */
		C283C3B119DCF9C800390DC9 /* PBXTargetDependency */ = {
			isa = PBXTargetDependency;
			target = C283C39C19DCF9C800390DC9 /* PostCard */;
			targetProxy = C283C3B019DCF9C800390DC9 /* PBXContainerItemProxy */;
		};
/* End PBXTargetDependency section */

/* Begin PBXVariantGroup section */
		C283C3A619DCF9C800390DC9 /* Main.storyboard */ = {
			isa = PBXVariantGroup;
			children = (
				C283C3A719DCF9C800390DC9 /* Base */,
			);
			name = Main.storyboard;
			sourceTree = "<group>";
		};
/* End PBXVariantGroup section */

/* Begin XCBuildConfiguration section */
		C283C3B719DCF9C800390DC9 /* Debug */ = {
			isa = XCBuildConfiguration;
			buildSettings = {
				ALWAYS_SEARCH_USER_PATHS = NO;
				CLANG_CXX_LANGUAGE_STANDARD = "gnu++0x";
				CLANG_CXX_LIBRARY = "libc++";
				CLANG_ENABLE_MODULES = YES;
				CLANG_ENABLE_OBJC_ARC = YES;
				CLANG_WARN_BOOL_CONVERSION = YES;
				CLANG_WARN_CONSTANT_CONVERSION = YES;
				CLANG_WARN_DIRECT_OBJC_ISA_USAGE = YES_ERROR;
				CLANG_WARN_EMPTY_BODY = YES;
				CLANG_WARN_ENUM_CONVERSION = YES;
				CLANG_WARN_INT_CONVERSION = YES;
				CLANG_WARN_OBJC_ROOT_CLASS = YES_ERROR;
				CLANG_WARN_UNREACHABLE_CODE = YES;
				CLANG_WARN__DUPLICATE_METHOD_MATCH = YES;
				"CODE_SIGN_IDENTITY[sdk=iphoneos*]" = "iPhone Developer";
				COPY_PHASE_STRIP = NO;
				ENABLE_STRICT_OBJC_MSGSEND = YES;
				GCC_C_LANGUAGE_STANDARD = gnu99;
				GCC_DYNAMIC_NO_PIC = NO;
				GCC_OPTIMIZATION_LEVEL = 0;
				GCC_PREPROCESSOR_DEFINITIONS = (
					"DEBUG=1",
					"$(inherited)",
				);
				GCC_SYMBOLS_PRIVATE_EXTERN = NO;
				GCC_WARN_64_TO_32_BIT_CONVERSION = YES;
				GCC_WARN_ABOUT_RETURN_TYPE = YES_ERROR;
				GCC_WARN_UNDECLARED_SELECTOR = YES;
				GCC_WARN_UNINITIALIZED_AUTOS = YES_AGGRESSIVE;
				GCC_WARN_UNUSED_FUNCTION = YES;
				GCC_WARN_UNUSED_VARIABLE = YES;
				IPHONEOS_DEPLOYMENT_TARGET = 8.0;
				METAL_ENABLE_DEBUG_INFO = YES;
				ONLY_ACTIVE_ARCH = YES;
				SDKROOT = iphoneos;
				SWIFT_OPTIMIZATION_LEVEL = "-Onone";
			};
			name = Debug;
		};
		C283C3B819DCF9C800390DC9 /* Release */ = {
			isa = XCBuildConfiguration;
			buildSettings = {
				ALWAYS_SEARCH_USER_PATHS = NO;
				CLANG_CXX_LANGUAGE_STANDARD = "gnu++0x";
				CLANG_CXX_LIBRARY = "libc++";
				CLANG_ENABLE_MODULES = YES;
				CLANG_ENABLE_OBJC_ARC = YES;
				CLANG_WARN_BOOL_CONVERSION = YES;
				CLANG_WARN_CONSTANT_CONVERSION = YES;
				CLANG_WARN_DIRECT_OBJC_ISA_USAGE = YES_ERROR;
				CLANG_WARN_EMPTY_BODY = YES;
				CLANG_WARN_ENUM_CONVERSION = YES;
				CLANG_WARN_INT_CONVERSION = YES;
				CLANG_WARN_OBJC_ROOT_CLASS = YES_ERROR;
				CLANG_WARN_UNREACHABLE_CODE = YES;
				CLANG_WARN__DUPLICATE_METHOD_MATCH = YES;
				"CODE_SIGN_IDENTITY[sdk=iphoneos*]" = "iPhone Developer";
				COPY_PHASE_STRIP = YES;
				ENABLE_NS_ASSERTIONS = NO;
				ENABLE_STRICT_OBJC_MSGSEND = YES;
				GCC_C_LANGUAGE_STANDARD = gnu99;
				GCC_WARN_64_TO_32_BIT_CONVERSION = YES;
				GCC_WARN_ABOUT_RETURN_TYPE = YES_ERROR;
				GCC_WARN_UNDECLARED_SELECTOR = YES;
				GCC_WARN_UNINITIALIZED_AUTOS = YES_AGGRESSIVE;
				GCC_WARN_UNUSED_FUNCTION = YES;
				GCC_WARN_UNUSED_VARIABLE = YES;
				IPHONEOS_DEPLOYMENT_TARGET = 8.0;
				METAL_ENABLE_DEBUG_INFO = NO;
				SDKROOT = iphoneos;
				VALIDATE_PRODUCT = YES;
			};
			name = Release;
		};
		C283C3BA19DCF9C800390DC9 /* Debug */ = {
			isa = XCBuildConfiguration;
			buildSettings = {
				ASSETCATALOG_COMPILER_APPICON_NAME = AppIcon;
				ASSETCATALOG_COMPILER_LAUNCHIMAGE_NAME = LaunchImage;
				INFOPLIST_FILE = PostCard/Info.plist;
				LD_RUNPATH_SEARCH_PATHS = "$(inherited) @executable_path/Frameworks";
				PRODUCT_NAME = "$(TARGET_NAME)";
			};
			name = Debug;
		};
		C283C3BB19DCF9C800390DC9 /* Release */ = {
			isa = XCBuildConfiguration;
			buildSettings = {
				ASSETCATALOG_COMPILER_APPICON_NAME = AppIcon;
				ASSETCATALOG_COMPILER_LAUNCHIMAGE_NAME = LaunchImage;
				INFOPLIST_FILE = PostCard/Info.plist;
				LD_RUNPATH_SEARCH_PATHS = "$(inherited) @executable_path/Frameworks";
				PRODUCT_NAME = "$(TARGET_NAME)";
			};
			name = Release;
		};
		C283C3BD19DCF9C800390DC9 /* Debug */ = {
			isa = XCBuildConfiguration;
			buildSettings = {
				BUNDLE_LOADER = "$(BUILT_PRODUCTS_DIR)/PostCard.app/PostCard";
				FRAMEWORK_SEARCH_PATHS = (
					"$(SDKROOT)/Developer/Library/Frameworks",
					"$(inherited)",
				);
				GCC_PREPROCESSOR_DEFINITIONS = (
					"DEBUG=1",
					"$(inherited)",
				);
				INFOPLIST_FILE = PostCardTests/Info.plist;
				LD_RUNPATH_SEARCH_PATHS = "$(inherited) @executable_path/Frameworks @loader_path/Frameworks";
				METAL_ENABLE_DEBUG_INFO = YES;
				PRODUCT_NAME = "$(TARGET_NAME)";
				TEST_HOST = "$(BUNDLE_LOADER)";
			};
			name = Debug;
		};
		C283C3BE19DCF9C800390DC9 /* Release */ = {
			isa = XCBuildConfiguration;
			buildSettings = {
				BUNDLE_LOADER = "$(BUILT_PRODUCTS_DIR)/PostCard.app/PostCard";
				FRAMEWORK_SEARCH_PATHS = (
					"$(SDKROOT)/Developer/Library/Frameworks",
					"$(inherited)",
				);
				INFOPLIST_FILE = PostCardTests/Info.plist;
				LD_RUNPATH_SEARCH_PATHS = "$(inherited) @executable_path/Frameworks @loader_path/Frameworks";
				METAL_ENABLE_DEBUG_INFO = NO;
				PRODUCT_NAME = "$(TARGET_NAME)";
				TEST_HOST = "$(BUNDLE_LOADER)";
			};
			name = Release;
		};
/* End XCBuildConfiguration section */

/* Begin XCConfigurationList section */
		C283C39819DCF9C800390DC9 /* Build configuration list for PBXProject "PostCard" */ = {
			isa = XCConfigurationList;
			buildConfigurations = (
				C283C3B719DCF9C800390DC9 /* Debug */,
				C283C3B819DCF9C800390DC9 /* Release */,
			);
			defaultConfigurationIsVisible = 0;
			defaultConfigurationName = Release;
		};
		C283C3B919DCF9C800390DC9 /* Build configuration list for PBXNativeTarget "PostCard" */ = {
			isa = XCConfigurationList;
			buildConfigurations = (
				C283C3BA19DCF9C800390DC9 /* Debug */,
				C283C3BB19DCF9C800390DC9 /* Release */,
			);
			defaultConfigurationIsVisible = 0;
			defaultConfigurationName = Release;
		};
		C283C3BC19DCF9C800390DC9 /* Build configuration list for PBXNativeTarget "PostCardTests" */ = {
			isa = XCConfigurationList;
			buildConfigurations = (
				C283C3BD19DCF9C800390DC9 /* Debug */,
				C283C3BE19DCF9C800390DC9 /* Release */,
			);
			defaultConfigurationIsVisible = 0;
			defaultConfigurationName = Release;
		};
/* End XCConfigurationList section */
	};
	rootObject = C283C39519DCF9C800390DC9 /* Project object */;
}
